
Microsoft Visual Studio Solution File, Format Version 12.00
Project("{9A19103F-16F7-4668-BE54-9A1E7A4F7556}") = "Adramelech", "Adramelech\Adramelech.csproj", "{11EBFD9A-8D9F-4078-A100-2146EE7D4C25}"
EndProject
Global
	GlobalSection(SolutionConfigurationPlatforms) = preSolution
		Debug|Any CPU = Debug|Any CPU
		Release|Any CPU = Release|Any CPU
	EndGlobalSection
	GlobalSection(ProjectConfigurationPlatforms) = postSolution
		{11EBFD9A-8D9F-4078-A100-2146EE7D4C25}.Debug|Any CPU.ActiveCfg = Debug|Any CPU
		{11EBFD9A-8D9F-4078-A100-2146EE7D4C25}.Debug|Any CPU.Build.0 = Debug|Any CPU
		{11EBFD9A-8D9F-4078-A100-2146EE7D4C25}.Release|Any CPU.ActiveCfg = Release|Any CPU
		{11EBFD9A-8D9F-4078-A100-2146EE7D4C25}.Release|Any CPU.Build.0 = Release|Any CPU
	EndGlobalSection
EndGlobal
